
Microsoft Visual Studio Solution File, Format Version 12.00
# Visual Studio Version 17
VisualStudioVersion = 17.0.32014.148
MinimumVisualStudioVersion = 10.0.40219.1
Project("{FAE04EC0-301F-11D3-BF4B-00C04F79EFBC}") = "RoundTheCode.WorkerServiceExample", "RoundTheCode.WorkerServiceExample\RoundTheCode.WorkerServiceExample.csproj", "{1FAABD47-88BF-449C-AE25-278377009B96}"
EndProject
Global
	GlobalSection(SolutionConfigurationPlatforms) = preSolution
		Debug|Any CPU = Debug|Any CPU
		Release|Any CPU = Release|Any CPU
	EndGlobalSection
	GlobalSection(ProjectConfigurationPlatforms) = postSolution
		{1FAABD47-88BF-449C-AE25-278377009B96}.Debug|Any CPU.ActiveCfg = Debug|Any CPU
		{1FAABD47-88BF-449C-AE25-278377009B96}.Debug|Any CPU.Build.0 = Debug|Any CPU
		{1FAABD47-88BF-449C-AE25-278377009B96}.Release|Any CPU.ActiveCfg = Release|Any CPU
		{1FAABD47-88BF-449C-AE25-278377009B96}.Release|Any CPU.Build.0 = Release|Any CPU
	EndGlobalSection
	GlobalSection(SolutionProperties) = preSolution
		HideSolutionNode = FALSE
	EndGlobalSection
	GlobalSection(ExtensibilityGlobals) = postSolution
		SolutionGuid = {6C7CAB37-1BFB-4625-9701-6905A5CDA7D1}
	EndGlobalSection
EndGlobal
